// !$*UTF8*$!
{
	archiveVersion = 1;
	classes = {
	};
	objectVersion = 50;
	objects = {

/* Begin PBXBuildFile section */
		12E5575B2746E1F900657179 /* AppDelegate.swift in Sources */ = {isa = PBXBuildFile; fileRef = 12E5575A2746E1F900657179 /* AppDelegate.swift */; };
		12E5575D2746E1F900657179 /* SceneDelegate.swift in Sources */ = {isa = PBXBuildFile; fileRef = 12E5575C2746E1F900657179 /* SceneDelegate.swift */; };
		12E5575F2746E1F900657179 /* ViewController.swift in Sources */ = {isa = PBXBuildFile; fileRef = 12E5575E2746E1F900657179 /* ViewController.swift */; };
		12E557642746E1FB00657179 /* Assets.xcassets in Resources */ = {isa = PBXBuildFile; fileRef = 12E557632746E1FB00657179 /* Assets.xcassets */; };
		12E557672746E1FB00657179 /* LaunchScreen.storyboard in Resources */ = {isa = PBXBuildFile; fileRef = 12E557652746E1FB00657179 /* LaunchScreen.storyboard */; };
		12E5576F2746E30200657179 /* UIView_Pin.swift in Sources */ = {isa = PBXBuildFile; fileRef = 12E5576E2746E30200657179 /* UIView_Pin.swift */; };
		12E5578E2746E9E100657179 /* MyLogger1.framework in Frameworks */ = {isa = PBXBuildFile; fileRef = 12E5578C2746E9C000657179 /* MyLogger1.framework */; };
		12E5578F2746E9E100657179 /* MyLogger1.framework in Embed Frameworks */ = {isa = PBXBuildFile; fileRef = 12E5578C2746E9C000657179 /* MyLogger1.framework */; settings = {ATTRIBUTES = (CodeSignOnCopy, RemoveHeadersOnCopy, ); }; };
/* End PBXBuildFile section */

/* Begin PBXContainerItemProxy section */
		12E5578B2746E9C000657179 /* PBXContainerItemProxy */ = {
			isa = PBXContainerItemProxy;
			containerPortal = 12E557872746E9C000657179 /* MyLogger1.xcodeproj */;
			proxyType = 2;
			remoteGlobalIDString = 12E5577A2746E91900657179;
			remoteInfo = MyLogger1;
		};
/* End PBXContainerItemProxy section */

/* Begin PBXCopyFilesBuildPhase section */
		12E557902746E9E100657179 /* Embed Frameworks */ = {
			isa = PBXCopyFilesBuildPhase;
			buildActionMask = 2147483647;
			dstPath = "";
			dstSubfolderSpec = 10;
			files = (
				12E5578F2746E9E100657179 /* MyLogger1.framework in Embed Frameworks */,
			);
			name = "Embed Frameworks";
			runOnlyForDeploymentPostprocessing = 0;
		};
/* End PBXCopyFilesBuildPhase section */

/* Begin PBXFileReference section */
		12E557572746E1F900657179 /* vkmelnikPW6.app */ = {isa = PBXFileReference; explicitFileType = wrapper.application; includeInIndex = 0; path = vkmelnikPW6.app; sourceTree = BUILT_PRODUCTS_DIR; };
		12E5575A2746E1F900657179 /* AppDelegate.swift */ = {isa = PBXFileReference; lastKnownFileType = sourcecode.swift; path = AppDelegate.swift; sourceTree = "<group>"; };
		12E5575C2746E1F900657179 /* SceneDelegate.swift */ = {isa = PBXFileReference; lastKnownFileType = sourcecode.swift; path = SceneDelegate.swift; sourceTree = "<group>"; };
		12E5575E2746E1F900657179 /* ViewController.swift */ = {isa = PBXFileReference; lastKnownFileType = sourcecode.swift; path = ViewController.swift; sourceTree = "<group>"; };
		12E557632746E1FB00657179 /* Assets.xcassets */ = {isa = PBXFileReference; lastKnownFileType = folder.assetcatalog; path = Assets.xcassets; sourceTree = "<group>"; };
		12E557662746E1FB00657179 /* Base */ = {isa = PBXFileReference; lastKnownFileType = file.storyboard; name = Base; path = Base.lproj/LaunchScreen.storyboard; sourceTree = "<group>"; };
		12E557682746E1FB00657179 /* Info.plist */ = {isa = PBXFileReference; lastKnownFileType = text.plist.xml; path = Info.plist; sourceTree = "<group>"; };
		12E5576E2746E30200657179 /* UIView_Pin.swift */ = {isa = PBXFileReference; fileEncoding = 4; lastKnownFileType = sourcecode.swift; path = UIView_Pin.swift; sourceTree = "<group>"; };
		12E557872746E9C000657179 /* MyLogger1.xcodeproj */ = {isa = PBXFileReference; lastKnownFileType = "wrapper.pb-project"; name = MyLogger1.xcodeproj; path = ../../MyLogger1/MyLogger1.xcodeproj; sourceTree = "<group>"; };
/* End PBXFileReference section */

/* Begin PBXFrameworksBuildPhase section */
		12E557542746E1F900657179 /* Frameworks */ = {
			isa = PBXFrameworksBuildPhase;
			buildActionMask = 2147483647;
			files = (
				12E5578E2746E9E100657179 /* MyLogger1.framework in Frameworks */,
			);
			runOnlyForDeploymentPostprocessing = 0;
		};
/* End PBXFrameworksBuildPhase section */

/* Begin PBXGroup section */
		12E5574E2746E1F900657179 = {
			isa = PBXGroup;
			children = (
				12E557592746E1F900657179 /* vkmelnikPW6 */,
				12E557582746E1F900657179 /* Products */,
				12E5578D2746E9E100657179 /* Frameworks */,
			);
			sourceTree = "<group>";
		};
		12E557582746E1F900657179 /* Products */ = {
			isa = PBXGroup;
			children = (
				12E557572746E1F900657179 /* vkmelnikPW6.app */,
			);
			name = Products;
			sourceTree = "<group>";
		};
		12E557592746E1F900657179 /* vkmelnikPW6 */ = {
			isa = PBXGroup;
			children = (
				12E557872746E9C000657179 /* MyLogger1.xcodeproj */,
				12E5575A2746E1F900657179 /* AppDelegate.swift */,
				12E5575C2746E1F900657179 /* SceneDelegate.swift */,
				12E5575E2746E1F900657179 /* ViewController.swift */,
				12E557632746E1FB00657179 /* Assets.xcassets */,
				12E557652746E1FB00657179 /* LaunchScreen.storyboard */,
				12E557682746E1FB00657179 /* Info.plist */,
				12E5576E2746E30200657179 /* UIView_Pin.swift */,
			);
			path = vkmelnikPW6;
			sourceTree = "<group>";
		};
		12E557882746E9C000657179 /* Products */ = {
			isa = PBXGroup;
			children = (
				12E5578C2746E9C000657179 /* MyLogger1.framework */,
			);
			name = Products;
			sourceTree = "<group>";
		};
		12E5578D2746E9E100657179 /* Frameworks */ = {
			isa = PBXGroup;
			children = (
			);
			name = Frameworks;
			sourceTree = "<group>";
		};
/* End PBXGroup section */

/* Begin PBXNativeTarget section */
		12E557562746E1F900657179 /* vkmelnikPW6 */ = {
			isa = PBXNativeTarget;
			buildConfigurationList = 12E5576B2746E1FB00657179 /* Build configuration list for PBXNativeTarget "vkmelnikPW6" */;
			buildPhases = (
				12E557532746E1F900657179 /* Sources */,
				12E557542746E1F900657179 /* Frameworks */,
				12E557552746E1F900657179 /* Resources */,
				12E557902746E9E100657179 /* Embed Frameworks */,
			);
			buildRules = (
			);
			dependencies = (
			);
			name = vkmelnikPW6;
			productName = vkmelnikPW6;
			productReference = 12E557572746E1F900657179 /* vkmelnikPW6.app */;
			productType = "com.apple.product-type.application";
		};
/* End PBXNativeTarget section */

/* Begin PBXProject section */
		12E5574F2746E1F900657179 /* Project object */ = {
			isa = PBXProject;
			attributes = {
				LastSwiftUpdateCheck = 1250;
				LastUpgradeCheck = 1250;
				TargetAttributes = {
					12E557562746E1F900657179 = {
						CreatedOnToolsVersion = 12.5;
					};
				};
			};
			buildConfigurationList = 12E557522746E1F900657179 /* Build configuration list for PBXProject "vkmelnikPW6" */;
			compatibilityVersion = "Xcode 9.3";
			developmentRegion = en;
			hasScannedForEncodings = 0;
			knownRegions = (
				en,
				Base,
			);
			mainGroup = 12E5574E2746E1F900657179;
			productRefGroup = 12E557582746E1F900657179 /* Products */;
			projectDirPath = "";
			projectReferences = (
				{
					ProductGroup = 12E557882746E9C000657179 /* Products */;
					ProjectRef = 12E557872746E9C000657179 /* MyLogger1.xcodeproj */;
				},
			);
			projectRoot = "";
			targets = (
				12E557562746E1F900657179 /* vkmelnikPW6 */,
			);
		};
/* End PBXProject section */

/* Begin PBXReferenceProxy section */
		12E5578C2746E9C000657179 /* MyLogger1.framework */ = {
			isa = PBXReferenceProxy;
			fileType = wrapper.framework;
			path = MyLogger1.framework;
			remoteRef = 12E5578B2746E9C000657179 /* PBXContainerItemProxy */;
			sourceTree = BUILT_PRODUCTS_DIR;
		};
/* End PBXReferenceProxy section */

/* Begin PBXResourcesBuildPhase section */
		12E557552746E1F900657179 /* Resources */ = {
			isa = PBXResourcesBuildPhase;
			buildActionMask = 2147483647;
			files = (
				12E557672746E1FB00657179 /* LaunchScreen.storyboard in Resources */,
				12E557642746E1FB00657179 /* Assets.xcassets in Resources */,
			);
			runOnlyForDeploymentPostprocessing = 0;
		};
/* End PBXResourcesBuildPhase section */

/* Begin PBXSourcesBuildPhase section */
		12E557532746E1F900657179 /* Sources */ = {
			isa = PBXSourcesBuildPhase;
			buildActionMask = 2147483647;
			files = (
				12E5575F2746E1F900657179 /* ViewController.swift in Sources */,
				12E5575B2746E1F900657179 /* AppDelegate.swift in Sources */,
				12E5576F2746E30200657179 /* UIView_Pin.swift in Sources */,
				12E5575D2746E1F900657179 /* SceneDelegate.swift in Sources */,
			);
			runOnlyForDeploymentPostprocessing = 0;
		};
/* End PBXSourcesBuildPhase section */

/* Begin PBXVariantGroup section */
		12E557652746E1FB00657179 /* LaunchScreen.storyboard */ = {
			isa = PBXVariantGroup;
			children = (
				12E557662746E1FB00657179 /* Base */,
			);
			name = LaunchScreen.storyboard;
			sourceTree = "<group>";
		};
/* End PBXVariantGroup section */

/* Begin XCBuildConfiguration section */
		12E557692746E1FB00657179 /* Debug */ = {
			isa = XCBuildConfiguration;
			buildSettings = {
				ALWAYS_SEARCH_USER_PATHS = NO;
				CLANG_ANALYZER_NONNULL = YES;
				CLANG_ANALYZER_NUMBER_OBJECT_CONVERSION = YES_AGGRESSIVE;
				CLANG_CXX_LANGUAGE_STANDARD = "gnu++14";
				CLANG_CXX_LIBRARY = "libc++";
				CLANG_ENABLE_MODULES = YES;
				CLANG_ENABLE_OBJC_ARC = YES;
				CLANG_ENABLE_OBJC_WEAK = YES;
				CLANG_WARN_BLOCK_CAPTURE_AUTORELEASING = YES;
				CLANG_WARN_BOOL_CONVERSION = YES;
				CLANG_WARN_COMMA = YES;
				CLANG_WARN_CONSTANT_CONVERSION = YES;
				CLANG_WARN_DEPRECATED_OBJC_IMPLEMENTATIONS = YES;
				CLANG_WARN_DIRECT_OBJC_ISA_USAGE = YES_ERROR;
				CLANG_WARN_DOCUMENTATION_COMMENTS = YES;
				CLANG_WARN_EMPTY_BODY = YES;
				CLANG_WARN_ENUM_CONVERSION = YES;
				CLANG_WARN_INFINITE_RECURSION = YES;
				CLANG_WARN_INT_CONVERSION = YES;
				CLANG_WARN_NON_LITERAL_NULL_CONVERSION = YES;
				CLANG_WARN_OBJC_IMPLICIT_RETAIN_SELF = YES;
				CLANG_WARN_OBJC_LITERAL_CONVERSION = YES;
				CLANG_WARN_OBJC_ROOT_CLASS = YES_ERROR;
				CLANG_WARN_QUOTED_INCLUDE_IN_FRAMEWORK_HEADER = YES;
				CLANG_WARN_RANGE_LOOP_ANALYSIS = YES;
				CLANG_WARN_STRICT_PROTOTYPES = YES;
				CLANG_WARN_SUSPICIOUS_MOVE = YES;
				CLANG_WARN_UNGUARDED_AVAILABILITY = YES_AGGRESSIVE;
				CLANG_WARN_UNREACHABLE_CODE = YES;
				CLANG_WARN__DUPLICATE_METHOD_MATCH = YES;
				COPY_PHASE_STRIP = NO;
				DEBUG_INFORMATION_FORMAT = dwarf;
				ENABLE_STRICT_OBJC_MSGSEND = YES;
				ENABLE_TESTABILITY = YES;
				GCC_C_LANGUAGE_STANDARD = gnu11;
				GCC_DYNAMIC_NO_PIC = NO;
				GCC_NO_COMMON_BLOCKS = YES;
				GCC_OPTIMIZATION_LEVEL = 0;
				GCC_PREPROCESSOR_DEFINITIONS = (
					"DEBUG=1",
					"$(inherited)",
				);
				GCC_WARN_64_TO_32_BIT_CONVERSION = YES;
				GCC_WARN_ABOUT_RETURN_TYPE = YES_ERROR;
				GCC_WARN_UNDECLARED_SELECTOR = YES;
				GCC_WARN_UNINITIALIZED_AUTOS = YES_AGGRESSIVE;
				GCC_WARN_UNUSED_FUNCTION = YES;
				GCC_WARN_UNUSED_VARIABLE = YES;
				IPHONEOS_DEPLOYMENT_TARGET = 14.5;
				MTL_ENABLE_DEBUG_INFO = INCLUDE_SOURCE;
				MTL_FAST_MATH = YES;
				ONLY_ACTIVE_ARCH = YES;
				SDKROOT = iphoneos;
				SWIFT_ACTIVE_COMPILATION_CONDITIONS = DEBUG;
				SWIFT_OPTIMIZATION_LEVEL = "-Onone";
			};
			name = Debug;
		};
		12E5576A2746E1FB00657179 /* Release */ = {
			isa = XCBuildConfiguration;
			buildSettings = {
				ALWAYS_SEARCH_USER_PATHS = NO;
				CLANG_ANALYZER_NONNULL = YES;
				CLANG_ANALYZER_NUMBER_OBJECT_CONVERSION = YES_AGGRESSIVE;
				CLANG_CXX_LANGUAGE_STANDARD = "gnu++14";
				CLANG_CXX_LIBRARY = "libc++";
				CLANG_ENABLE_MODULES = YES;
				CLANG_ENABLE_OBJC_ARC = YES;
				CLANG_ENABLE_OBJC_WEAK = YES;
				CLANG_WARN_BLOCK_CAPTURE_AUTORELEASING = YES;
				CLANG_WARN_BOOL_CONVERSION = YES;
				CLANG_WARN_COMMA = YES;
				CLANG_WARN_CONSTANT_CONVERSION = YES;
				CLANG_WARN_DEPRECATED_OBJC_IMPLEMENTATIONS = YES;
				CLANG_WARN_DIRECT_OBJC_ISA_USAGE = YES_ERROR;
				CLANG_WARN_DOCUMENTATION_COMMENTS = YES;
				CLANG_WARN_EMPTY_BODY = YES;
				CLANG_WARN_ENUM_CONVERSION = YES;
				CLANG_WARN_INFINITE_RECURSION = YES;
				CLANG_WARN_INT_CONVERSION = YES;
				CLANG_WARN_NON_LITERAL_NULL_CONVERSION = YES;
				CLANG_WARN_OBJC_IMPLICIT_RETAIN_SELF = YES;
				CLANG_WARN_OBJC_LITERAL_CONVERSION = YES;
				CLANG_WARN_OBJC_ROOT_CLASS = YES_ERROR;
				CLANG_WARN_QUOTED_INCLUDE_IN_FRAMEWORK_HEADER = YES;
				CLANG_WARN_RANGE_LOOP_ANALYSIS = YES;
				CLANG_WARN_STRICT_PROTOTYPES = YES;
				CLANG_WARN_SUSPICIOUS_MOVE = YES;
				CLANG_WARN_UNGUARDED_AVAILABILITY = YES_AGGRESSIVE;
				CLANG_WARN_UNREACHABLE_CODE = YES;
				CLANG_WARN__DUPLICATE_METHOD_MATCH = YES;
				COPY_PHASE_STRIP = NO;
				DEBUG_INFORMATION_FORMAT = "dwarf-with-dsym";
				ENABLE_NS_ASSERTIONS = NO;
				ENABLE_STRICT_OBJC_MSGSEND = YES;
				GCC_C_LANGUAGE_STANDARD = gnu11;
				GCC_NO_COMMON_BLOCKS = YES;
				GCC_WARN_64_TO_32_BIT_CONVERSION = YES;
				GCC_WARN_ABOUT_RETURN_TYPE = YES_ERROR;
				GCC_WARN_UNDECLARED_SELECTOR = YES;
				GCC_WARN_UNINITIALIZED_AUTOS = YES_AGGRESSIVE;
				GCC_WARN_UNUSED_FUNCTION = YES;
				GCC_WARN_UNUSED_VARIABLE = YES;
				IPHONEOS_DEPLOYMENT_TARGET = 14.5;
				MTL_ENABLE_DEBUG_INFO = NO;
				MTL_FAST_MATH = YES;
				SDKROOT = iphoneos;
				SWIFT_COMPILATION_MODE = wholemodule;
				SWIFT_OPTIMIZATION_LEVEL = "-O";
				VALIDATE_PRODUCT = YES;
			};
			name = Release;
		};
		12E5576C2746E1FB00657179 /* Debug */ = {
			isa = XCBuildConfiguration;
			buildSettings = {
				ASSETCATALOG_COMPILER_APPICON_NAME = AppIcon;
				ASSETCATALOG_COMPILER_GLOBAL_ACCENT_COLOR_NAME = AccentColor;
				CODE_SIGN_STYLE = Automatic;
				DEVELOPMENT_TEAM = MEGQZTHC53;
				INFOPLIST_FILE = vkmelnikPW6/Info.plist;
				LD_RUNPATH_SEARCH_PATHS = (
					"$(inherited)",
					"@executable_path/Frameworks",
				);
				PRODUCT_BUNDLE_IDENTIFIER = hse.edu.vkmelnikPW6;
				PRODUCT_NAME = "$(TARGET_NAME)";
				SWIFT_VERSION = 5.0;
				TARGETED_DEVICE_FAMILY = "1,2";
			};
			name = Debug;
		};
		12E5576D2746E1FB00657179 /* Release */ = {
			isa = XCBuildConfiguration;
			buildSettings = {
				ASSETCATALOG_COMPILER_APPICON_NAME = AppIcon;
				ASSETCATALOG_COMPILER_GLOBAL_ACCENT_COLOR_NAME = AccentColor;
				CODE_SIGN_STYLE = Automatic;
				DEVELOPMENT_TEAM = MEGQZTHC53;
				INFOPLIST_FILE = vkmelnikPW6/Info.plist;
				LD_RUNPATH_SEARCH_PATHS = (
					"$(inherited)",
					"@executable_path/Frameworks",
				);
				PRODUCT_BUNDLE_IDENTIFIER = hse.edu.vkmelnikPW6;
				PRODUCT_NAME = "$(TARGET_NAME)";
				SWIFT_VERSION = 5.0;
				TARGETED_DEVICE_FAMILY = "1,2";
			};
			name = Release;
		};
/* End XCBuildConfiguration section */

/* Begin XCConfigurationList section */
		12E557522746E1F900657179 /* Build configuration list for PBXProject "vkmelnikPW6" */ = {
			isa = XCConfigurationList;
			buildConfigurations = (
				12E557692746E1FB00657179 /* Debug */,
				12E5576A2746E1FB00657179 /* Release */,
			);
			defaultConfigurationIsVisible = 0;
			defaultConfigurationName = Release;
		};
		12E5576B2746E1FB00657179 /* Build configuration list for PBXNativeTarget "vkmelnikPW6" */ = {
			isa = XCConfigurationList;
			buildConfigurations = (
				12E5576C2746E1FB00657179 /* Debug */,
				12E5576D2746E1FB00657179 /* Release */,
			);
			defaultConfigurationIsVisible = 0;
			defaultConfigurationName = Release;
		};
/* End XCConfigurationList section */
	};
	rootObject = 12E5574F2746E1F900657179 /* Project object */;
}
